
Microsoft Visual Studio Solution File, Format Version 12.00
# Visual Studio 15
VisualStudioVersion = 15.0.28307.136
MinimumVisualStudioVersion = 10.0.40219.1
Project("{FAE04EC0-301F-11D3-BF4B-00C04F79EFBC}") = "RoteiroOtimizado", "RoteiroOtimizado\RoteiroOtimizado.csproj", "{3451158B-90C4-4D66-A156-EF1A2395C271}"
EndProject
Global
	GlobalSection(SolutionConfigurationPlatforms) = preSolution
		Debug|Any CPU = Debug|Any CPU
		Release|Any CPU = Release|Any CPU
	EndGlobalSection
	GlobalSection(ProjectConfigurationPlatforms) = postSolution
		{3451158B-90C4-4D66-A156-EF1A2395C271}.Debug|Any CPU.ActiveCfg = Debug|Any CPU
		{3451158B-90C4-4D66-A156-EF1A2395C271}.Debug|Any CPU.Build.0 = Debug|Any CPU
		{3451158B-90C4-4D66-A156-EF1A2395C271}.Release|Any CPU.ActiveCfg = Release|Any CPU
		{3451158B-90C4-4D66-A156-EF1A2395C271}.Release|Any CPU.Build.0 = Release|Any CPU
	EndGlobalSection
	GlobalSection(SolutionProperties) = preSolution
		HideSolutionNode = FALSE
	EndGlobalSection
	GlobalSection(ExtensibilityGlobals) = postSolution
		SolutionGuid = {ED12DE29-17CF-4EFB-97D5-A50F96E44A2D}
	EndGlobalSection
EndGlobal
